// !$*UTF8*$!
{
	archiveVersion = 1;
	classes = {
	};
	objectVersion = 77;
	objects = {

/* Begin PBXContainerItemProxy section */
		E42880982D1B101B008BA193 /* PBXContainerItemProxy */ = {
			isa = PBXContainerItemProxy;
			containerPortal = E428807F2D1B1018008BA193 /* Project object */;
			proxyType = 1;
			remoteGlobalIDString = E42880862D1B1018008BA193;
			remoteInfo = DemoAppJivi;
		};
		E42880A22D1B101B008BA193 /* PBXContainerItemProxy */ = {
			isa = PBXContainerItemProxy;
			containerPortal = E428807F2D1B1018008BA193 /* Project object */;
			proxyType = 1;
			remoteGlobalIDString = E42880862D1B1018008BA193;
			remoteInfo = DemoAppJivi;
		};
/* End PBXContainerItemProxy section */

/* Begin PBXFileReference section */
		E42880872D1B1018008BA193 /* DemoAppJivi.app */ = {isa = PBXFileReference; explicitFileType = wrapper.application; includeInIndex = 0; path = DemoAppJivi.app; sourceTree = BUILT_PRODUCTS_DIR; };
		E42880972D1B101B008BA193 /* DemoAppJiviTests.xctest */ = {isa = PBXFileReference; explicitFileType = wrapper.cfbundle; includeInIndex = 0; path = DemoAppJiviTests.xctest; sourceTree = BUILT_PRODUCTS_DIR; };
		E42880A12D1B101B008BA193 /* DemoAppJiviUITests.xctest */ = {isa = PBXFileReference; explicitFileType = wrapper.cfbundle; includeInIndex = 0; path = DemoAppJiviUITests.xctest; sourceTree = BUILT_PRODUCTS_DIR; };
/* End PBXFileReference section */

/* Begin PBXFileSystemSynchronizedRootGroup section */
		E42880892D1B1018008BA193 /* DemoAppJivi */ = {
			isa = PBXFileSystemSynchronizedRootGroup;
			path = DemoAppJivi;
			sourceTree = "<group>";
		};
		E428809A2D1B101B008BA193 /* DemoAppJiviTests */ = {
			isa = PBXFileSystemSynchronizedRootGroup;
			path = DemoAppJiviTests;
			sourceTree = "<group>";
		};
		E42880A42D1B101B008BA193 /* DemoAppJiviUITests */ = {
			isa = PBXFileSystemSynchronizedRootGroup;
			path = DemoAppJiviUITests;
			sourceTree = "<group>";
		};
/* End PBXFileSystemSynchronizedRootGroup section */

/* Begin PBXFrameworksBuildPhase section */
		E42880842D1B1018008BA193 /* Frameworks */ = {
			isa = PBXFrameworksBuildPhase;
			buildActionMask = 2147483647;
			files = (
			);
			runOnlyForDeploymentPostprocessing = 0;
		};
		E42880942D1B101B008BA193 /* Frameworks */ = {
			isa = PBXFrameworksBuildPhase;
			buildActionMask = 2147483647;
			files = (
			);
			runOnlyForDeploymentPostprocessing = 0;
		};
		E428809E2D1B101B008BA193 /* Frameworks */ = {
			isa = PBXFrameworksBuildPhase;
			buildActionMask = 2147483647;
			files = (
			);
			runOnlyForDeploymentPostprocessing = 0;
		};
/* End PBXFrameworksBuildPhase section */

/* Begin PBXGroup section */
		E428807E2D1B1018008BA193 = {
			isa = PBXGroup;
			children = (
				E42880892D1B1018008BA193 /* DemoAppJivi */,
				E428809A2D1B101B008BA193 /* DemoAppJiviTests */,
				E42880A42D1B101B008BA193 /* DemoAppJiviUITests */,
				E42880882D1B1018008BA193 /* Products */,
			);
			sourceTree = "<group>";
		};
		E42880882D1B1018008BA193 /* Products */ = {
			isa = PBXGroup;
			children = (
				E42880872D1B1018008BA193 /* DemoAppJivi.app */,
				E42880972D1B101B008BA193 /* DemoAppJiviTests.xctest */,
				E42880A12D1B101B008BA193 /* DemoAppJiviUITests.xctest */,
			);
			name = Products;
			sourceTree = "<group>";
		};
/* End PBXGroup section */

/* Begin PBXNativeTarget section */
		E42880862D1B1018008BA193 /* DemoAppJivi */ = {
			isa = PBXNativeTarget;
			buildConfigurationList = E42880AB2D1B101B008BA193 /* Build configuration list for PBXNativeTarget "DemoAppJivi" */;
			buildPhases = (
				E42880832D1B1018008BA193 /* Sources */,
				E42880842D1B1018008BA193 /* Frameworks */,
				E42880852D1B1018008BA193 /* Resources */,
			);
			buildRules = (
			);
			dependencies = (
			);
			fileSystemSynchronizedGroups = (
				E42880892D1B1018008BA193 /* DemoAppJivi */,
			);
			name = DemoAppJivi;
			packageProductDependencies = (
			);
			productName = DemoAppJivi;
			productReference = E42880872D1B1018008BA193 /* DemoAppJivi.app */;
			productType = "com.apple.product-type.application";
		};
		E42880962D1B101B008BA193 /* DemoAppJiviTests */ = {
			isa = PBXNativeTarget;
			buildConfigurationList = E42880AE2D1B101B008BA193 /* Build configuration list for PBXNativeTarget "DemoAppJiviTests" */;
			buildPhases = (
				E42880932D1B101B008BA193 /* Sources */,
				E42880942D1B101B008BA193 /* Frameworks */,
				E42880952D1B101B008BA193 /* Resources */,
			);
			buildRules = (
			);
			dependencies = (
				E42880992D1B101B008BA193 /* PBXTargetDependency */,
			);
			fileSystemSynchronizedGroups = (
				E428809A2D1B101B008BA193 /* DemoAppJiviTests */,
			);
			name = DemoAppJiviTests;
			packageProductDependencies = (
			);
			productName = DemoAppJiviTests;
			productReference = E42880972D1B101B008BA193 /* DemoAppJiviTests.xctest */;
			productType = "com.apple.product-type.bundle.unit-test";
		};
		E42880A02D1B101B008BA193 /* DemoAppJiviUITests */ = {
			isa = PBXNativeTarget;
			buildConfigurationList = E42880B12D1B101B008BA193 /* Build configuration list for PBXNativeTarget "DemoAppJiviUITests" */;
			buildPhases = (
				E428809D2D1B101B008BA193 /* Sources */,
				E428809E2D1B101B008BA193 /* Frameworks */,
				E428809F2D1B101B008BA193 /* Resources */,
			);
			buildRules = (
			);
			dependencies = (
				E42880A32D1B101B008BA193 /* PBXTargetDependency */,
			);
			fileSystemSynchronizedGroups = (
				E42880A42D1B101B008BA193 /* DemoAppJiviUITests */,
			);
			name = DemoAppJiviUITests;
			packageProductDependencies = (
			);
			productName = DemoAppJiviUITests;
			productReference = E42880A12D1B101B008BA193 /* DemoAppJiviUITests.xctest */;
			productType = "com.apple.product-type.bundle.ui-testing";
		};
/* End PBXNativeTarget section */

/* Begin PBXProject section */
		E428807F2D1B1018008BA193 /* Project object */ = {
			isa = PBXProject;
			attributes = {
				BuildIndependentTargetsInParallel = 1;
				LastSwiftUpdateCheck = 1620;
				LastUpgradeCheck = 1620;
				TargetAttributes = {
					E42880862D1B1018008BA193 = {
						CreatedOnToolsVersion = 16.2;
					};
					E42880962D1B101B008BA193 = {
						CreatedOnToolsVersion = 16.2;
						TestTargetID = E42880862D1B1018008BA193;
					};
					E42880A02D1B101B008BA193 = {
						CreatedOnToolsVersion = 16.2;
						TestTargetID = E42880862D1B1018008BA193;
					};
				};
			};
			buildConfigurationList = E42880822D1B1018008BA193 /* Build configuration list for PBXProject "DemoAppJivi" */;
			developmentRegion = en;
			hasScannedForEncodings = 0;
			knownRegions = (
				en,
				Base,
			);
			mainGroup = E428807E2D1B1018008BA193;
			minimizedProjectReferenceProxies = 1;
			preferredProjectObjectVersion = 77;
			productRefGroup = E42880882D1B1018008BA193 /* Products */;
			projectDirPath = "";
			projectRoot = "";
			targets = (
				E42880862D1B1018008BA193 /* DemoAppJivi */,
				E42880962D1B101B008BA193 /* DemoAppJiviTests */,
				E42880A02D1B101B008BA193 /* DemoAppJiviUITests */,
			);
		};
/* End PBXProject section */

/* Begin PBXResourcesBuildPhase section */
		E42880852D1B1018008BA193 /* Resources */ = {
			isa = PBXResourcesBuildPhase;
			buildActionMask = 2147483647;
			files = (
			);
			runOnlyForDeploymentPostprocessing = 0;
		};
		E42880952D1B101B008BA193 /* Resources */ = {
			isa = PBXResourcesBuildPhase;
			buildActionMask = 2147483647;
			files = (
			);
			runOnlyForDeploymentPostprocessing = 0;
		};
		E428809F2D1B101B008BA193 /* Resources */ = {
			isa = PBXResourcesBuildPhase;
			buildActionMask = 2147483647;
			files = (
			);
			runOnlyForDeploymentPostprocessing = 0;
		};
/* End PBXResourcesBuildPhase section */

/* Begin PBXSourcesBuildPhase section */
		E42880832D1B1018008BA193 /* Sources */ = {
			isa = PBXSourcesBuildPhase;
			buildActionMask = 2147483647;
			files = (
			);
			runOnlyForDeploymentPostprocessing = 0;
		};
		E42880932D1B101B008BA193 /* Sources */ = {
			isa = PBXSourcesBuildPhase;
			buildActionMask = 2147483647;
			files = (
			);
			runOnlyForDeploymentPostprocessing = 0;
		};
		E428809D2D1B101B008BA193 /* Sources */ = {
			isa = PBXSourcesBuildPhase;
			buildActionMask = 2147483647;
			files = (
			);
			runOnlyForDeploymentPostprocessing = 0;
		};
/* End PBXSourcesBuildPhase section */

/* Begin PBXTargetDependency section */
		E42880992D1B101B008BA193 /* PBXTargetDependency */ = {
			isa = PBXTargetDependency;
			target = E42880862D1B1018008BA193 /* DemoAppJivi */;
			targetProxy = E42880982D1B101B008BA193 /* PBXContainerItemProxy */;
		};
		E42880A32D1B101B008BA193 /* PBXTargetDependency */ = {
			isa = PBXTargetDependency;
			target = E42880862D1B1018008BA193 /* DemoAppJivi */;
			targetProxy = E42880A22D1B101B008BA193 /* PBXContainerItemProxy */;
		};
/* End PBXTargetDependency section */

/* Begin XCBuildConfiguration section */
		E42880A92D1B101B008BA193 /* Debug */ = {
			isa = XCBuildConfiguration;
			buildSettings = {
				ALWAYS_SEARCH_USER_PATHS = NO;
				ASSETCATALOG_COMPILER_GENERATE_SWIFT_ASSET_SYMBOL_EXTENSIONS = YES;
				CLANG_ANALYZER_NONNULL = YES;
				CLANG_ANALYZER_NUMBER_OBJECT_CONVERSION = YES_AGGRESSIVE;
				CLANG_CXX_LANGUAGE_STANDARD = "gnu++20";
				CLANG_ENABLE_MODULES = YES;
				CLANG_ENABLE_OBJC_ARC = YES;
				CLANG_ENABLE_OBJC_WEAK = YES;
				CLANG_WARN_BLOCK_CAPTURE_AUTORELEASING = YES;
				CLANG_WARN_BOOL_CONVERSION = YES;
				CLANG_WARN_COMMA = YES;
				CLANG_WARN_CONSTANT_CONVERSION = YES;
				CLANG_WARN_DEPRECATED_OBJC_IMPLEMENTATIONS = YES;
				CLANG_WARN_DIRECT_OBJC_ISA_USAGE = YES_ERROR;
				CLANG_WARN_DOCUMENTATION_COMMENTS = YES;
				CLANG_WARN_EMPTY_BODY = YES;
				CLANG_WARN_ENUM_CONVERSION = YES;
				CLANG_WARN_INFINITE_RECURSION = YES;
				CLANG_WARN_INT_CONVERSION = YES;
				CLANG_WARN_NON_LITERAL_NULL_CONVERSION = YES;
				CLANG_WARN_OBJC_IMPLICIT_RETAIN_SELF = YES;
				CLANG_WARN_OBJC_LITERAL_CONVERSION = YES;
				CLANG_WARN_OBJC_ROOT_CLASS = YES_ERROR;
				CLANG_WARN_QUOTED_INCLUDE_IN_FRAMEWORK_HEADER = YES;
				CLANG_WARN_RANGE_LOOP_ANALYSIS = YES;
				CLANG_WARN_STRICT_PROTOTYPES = YES;
				CLANG_WARN_SUSPICIOUS_MOVE = YES;
				CLANG_WARN_UNGUARDED_AVAILABILITY = YES_AGGRESSIVE;
				CLANG_WARN_UNREACHABLE_CODE = YES;
				CLANG_WARN__DUPLICATE_METHOD_MATCH = YES;
				COPY_PHASE_STRIP = NO;
				DEBUG_INFORMATION_FORMAT = dwarf;
				ENABLE_STRICT_OBJC_MSGSEND = YES;
				ENABLE_TESTABILITY = YES;
				ENABLE_USER_SCRIPT_SANDBOXING = YES;
				GCC_C_LANGUAGE_STANDARD = gnu17;
				GCC_DYNAMIC_NO_PIC = NO;
				GCC_NO_COMMON_BLOCKS = YES;
				GCC_OPTIMIZATION_LEVEL = 0;
				GCC_PREPROCESSOR_DEFINITIONS = (
					"DEBUG=1",
					"$(inherited)",
				);
				GCC_WARN_64_TO_32_BIT_CONVERSION = YES;
				GCC_WARN_ABOUT_RETURN_TYPE = YES_ERROR;
				GCC_WARN_UNDECLARED_SELECTOR = YES;
				GCC_WARN_UNINITIALIZED_AUTOS = YES_AGGRESSIVE;
				GCC_WARN_UNUSED_FUNCTION = YES;
				GCC_WARN_UNUSED_VARIABLE = YES;
				IPHONEOS_DEPLOYMENT_TARGET = 18.2;
				LOCALIZATION_PREFERS_STRING_CATALOGS = YES;
				MTL_ENABLE_DEBUG_INFO = INCLUDE_SOURCE;
				MTL_FAST_MATH = YES;
				ONLY_ACTIVE_ARCH = YES;
				SDKROOT = iphoneos;
				SWIFT_ACTIVE_COMPILATION_CONDITIONS = "DEBUG $(inherited)";
				SWIFT_OPTIMIZATION_LEVEL = "-Onone";
			};
			name = Debug;
		};
		E42880AA2D1B101B008BA193 /* Release */ = {
			isa = XCBuildConfiguration;
			buildSettings = {
				ALWAYS_SEARCH_USER_PATHS = NO;
				ASSETCATALOG_COMPILER_GENERATE_SWIFT_ASSET_SYMBOL_EXTENSIONS = YES;
				CLANG_ANALYZER_NONNULL = YES;
				CLANG_ANALYZER_NUMBER_OBJECT_CONVERSION = YES_AGGRESSIVE;
				CLANG_CXX_LANGUAGE_STANDARD = "gnu++20";
				CLANG_ENABLE_MODULES = YES;
				CLANG_ENABLE_OBJC_ARC = YES;
				CLANG_ENABLE_OBJC_WEAK = YES;
				CLANG_WARN_BLOCK_CAPTURE_AUTORELEASING = YES;
				CLANG_WARN_BOOL_CONVERSION = YES;
				CLANG_WARN_COMMA = YES;
				CLANG_WARN_CONSTANT_CONVERSION = YES;
				CLANG_WARN_DEPRECATED_OBJC_IMPLEMENTATIONS = YES;
				CLANG_WARN_DIRECT_OBJC_ISA_USAGE = YES_ERROR;
				CLANG_WARN_DOCUMENTATION_COMMENTS = YES;
				CLANG_WARN_EMPTY_BODY = YES;
				CLANG_WARN_ENUM_CONVERSION = YES;
				CLANG_WARN_INFINITE_RECURSION = YES;
				CLANG_WARN_INT_CONVERSION = YES;
				CLANG_WARN_NON_LITERAL_NULL_CONVERSION = YES;
				CLANG_WARN_OBJC_IMPLICIT_RETAIN_SELF = YES;
				CLANG_WARN_OBJC_LITERAL_CONVERSION = YES;
				CLANG_WARN_OBJC_ROOT_CLASS = YES_ERROR;
				CLANG_WARN_QUOTED_INCLUDE_IN_FRAMEWORK_HEADER = YES;
				CLANG_WARN_RANGE_LOOP_ANALYSIS = YES;
				CLANG_WARN_STRICT_PROTOTYPES = YES;
				CLANG_WARN_SUSPICIOUS_MOVE = YES;
				CLANG_WARN_UNGUARDED_AVAILABILITY = YES_AGGRESSIVE;
				CLANG_WARN_UNREACHABLE_CODE = YES;
				CLANG_WARN__DUPLICATE_METHOD_MATCH = YES;
				COPY_PHASE_STRIP = NO;
				DEBUG_INFORMATION_FORMAT = "dwarf-with-dsym";
				ENABLE_NS_ASSERTIONS = NO;
				ENABLE_STRICT_OBJC_MSGSEND = YES;
				ENABLE_USER_SCRIPT_SANDBOXING = YES;
				GCC_C_LANGUAGE_STANDARD = gnu17;
				GCC_NO_COMMON_BLOCKS = YES;
				GCC_WARN_64_TO_32_BIT_CONVERSION = YES;
				GCC_WARN_ABOUT_RETURN_TYPE = YES_ERROR;
				GCC_WARN_UNDECLARED_SELECTOR = YES;
				GCC_WARN_UNINITIALIZED_AUTOS = YES_AGGRESSIVE;
				GCC_WARN_UNUSED_FUNCTION = YES;
				GCC_WARN_UNUSED_VARIABLE = YES;
				IPHONEOS_DEPLOYMENT_TARGET = 18.2;
				LOCALIZATION_PREFERS_STRING_CATALOGS = YES;
				MTL_ENABLE_DEBUG_INFO = NO;
				MTL_FAST_MATH = YES;
				SDKROOT = iphoneos;
				SWIFT_COMPILATION_MODE = wholemodule;
				VALIDATE_PRODUCT = YES;
			};
			name = Release;
		};
		E42880AC2D1B101B008BA193 /* Debug */ = {
			isa = XCBuildConfiguration;
			buildSettings = {
				ASSETCATALOG_COMPILER_APPICON_NAME = AppIcon;
				ASSETCATALOG_COMPILER_GLOBAL_ACCENT_COLOR_NAME = AccentColor;
				CODE_SIGN_STYLE = Automatic;
				CURRENT_PROJECT_VERSION = 1;
				DEVELOPMENT_ASSET_PATHS = "\"DemoAppJivi/Preview Content\"";
				ENABLE_PREVIEWS = YES;
				GENERATE_INFOPLIST_FILE = YES;
				INFOPLIST_KEY_UIApplicationSceneManifest_Generation = YES;
				INFOPLIST_KEY_UIApplicationSupportsIndirectInputEvents = YES;
				INFOPLIST_KEY_UILaunchScreen_Generation = YES;
				INFOPLIST_KEY_UISupportedInterfaceOrientations_iPad = "UIInterfaceOrientationPortrait UIInterfaceOrientationPortraitUpsideDown UIInterfaceOrientationLandscapeLeft UIInterfaceOrientationLandscapeRight";
				INFOPLIST_KEY_UISupportedInterfaceOrientations_iPhone = "UIInterfaceOrientationPortrait UIInterfaceOrientationLandscapeLeft UIInterfaceOrientationLandscapeRight";
				LD_RUNPATH_SEARCH_PATHS = (
					"$(inherited)",
					"@executable_path/Frameworks",
				);
				MARKETING_VERSION = 1.0;
				PRODUCT_BUNDLE_IDENTIFIER = some.DemoAppJivi;
				PRODUCT_NAME = "$(TARGET_NAME)";
				SWIFT_EMIT_LOC_STRINGS = YES;
				SWIFT_VERSION = 5.0;
				TARGETED_DEVICE_FAMILY = "1,2";
			};
			name = Debug;
		};
		E42880AD2D1B101B008BA193 /* Release */ = {
			isa = XCBuildConfiguration;
			buildSettings = {
				ASSETCATALOG_COMPILER_APPICON_NAME = AppIcon;
				ASSETCATALOG_COMPILER_GLOBAL_ACCENT_COLOR_NAME = AccentColor;
				CODE_SIGN_STYLE = Automatic;
				CURRENT_PROJECT_VERSION = 1;
				DEVELOPMENT_ASSET_PATHS = "\"DemoAppJivi/Preview Content\"";
				ENABLE_PREVIEWS = YES;
				GENERATE_INFOPLIST_FILE = YES;
				INFOPLIST_KEY_UIApplicationSceneManifest_Generation = YES;
				INFOPLIST_KEY_UIApplicationSupportsIndirectInputEvents = YES;
				INFOPLIST_KEY_UILaunchScreen_Generation = YES;
				INFOPLIST_KEY_UISupportedInterfaceOrientations_iPad = "UIInterfaceOrientationPortrait UIInterfaceOrientationPortraitUpsideDown UIInterfaceOrientationLandscapeLeft UIInterfaceOrientationLandscapeRight";
				INFOPLIST_KEY_UISupportedInterfaceOrientations_iPhone = "UIInterfaceOrientationPortrait UIInterfaceOrientationLandscapeLeft UIInterfaceOrientationLandscapeRight";
				LD_RUNPATH_SEARCH_PATHS = (
					"$(inherited)",
					"@executable_path/Frameworks",
				);
				MARKETING_VERSION = 1.0;
				PRODUCT_BUNDLE_IDENTIFIER = some.DemoAppJivi;
				PRODUCT_NAME = "$(TARGET_NAME)";
				SWIFT_EMIT_LOC_STRINGS = YES;
				SWIFT_VERSION = 5.0;
				TARGETED_DEVICE_FAMILY = "1,2";
			};
			name = Release;
		};
		E42880AF2D1B101B008BA193 /* Debug */ = {
			isa = XCBuildConfiguration;
			buildSettings = {
				BUNDLE_LOADER = "$(TEST_HOST)";
				CODE_SIGN_STYLE = Automatic;
				CURRENT_PROJECT_VERSION = 1;
				GENERATE_INFOPLIST_FILE = YES;
				IPHONEOS_DEPLOYMENT_TARGET = 18.2;
				MARKETING_VERSION = 1.0;
				PRODUCT_BUNDLE_IDENTIFIER = some.DemoAppJiviTests;
				PRODUCT_NAME = "$(TARGET_NAME)";
				SWIFT_EMIT_LOC_STRINGS = NO;
				SWIFT_VERSION = 5.0;
				TARGETED_DEVICE_FAMILY = "1,2";
				TEST_HOST = "$(BUILT_PRODUCTS_DIR)/DemoAppJivi.app/$(BUNDLE_EXECUTABLE_FOLDER_PATH)/DemoAppJivi";
			};
			name = Debug;
		};
		E42880B02D1B101B008BA193 /* Release */ = {
			isa = XCBuildConfiguration;
			buildSettings = {
				BUNDLE_LOADER = "$(TEST_HOST)";
				CODE_SIGN_STYLE = Automatic;
				CURRENT_PROJECT_VERSION = 1;
				GENERATE_INFOPLIST_FILE = YES;
				IPHONEOS_DEPLOYMENT_TARGET = 18.2;
				MARKETING_VERSION = 1.0;
				PRODUCT_BUNDLE_IDENTIFIER = some.DemoAppJiviTests;
				PRODUCT_NAME = "$(TARGET_NAME)";
				SWIFT_EMIT_LOC_STRINGS = NO;
				SWIFT_VERSION = 5.0;
				TARGETED_DEVICE_FAMILY = "1,2";
				TEST_HOST = "$(BUILT_PRODUCTS_DIR)/DemoAppJivi.app/$(BUNDLE_EXECUTABLE_FOLDER_PATH)/DemoAppJivi";
			};
			name = Release;
		};
		E42880B22D1B101B008BA193 /* Debug */ = {
			isa = XCBuildConfiguration;
			buildSettings = {
				CODE_SIGN_STYLE = Automatic;
				CURRENT_PROJECT_VERSION = 1;
				GENERATE_INFOPLIST_FILE = YES;
				MARKETING_VERSION = 1.0;
				PRODUCT_BUNDLE_IDENTIFIER = some.DemoAppJiviUITests;
				PRODUCT_NAME = "$(TARGET_NAME)";
				SWIFT_EMIT_LOC_STRINGS = NO;
				SWIFT_VERSION = 5.0;
				TARGETED_DEVICE_FAMILY = "1,2";
				TEST_TARGET_NAME = DemoAppJivi;
			};
			name = Debug;
		};
		E42880B32D1B101B008BA193 /* Release */ = {
			isa = XCBuildConfiguration;
			buildSettings = {
				CODE_SIGN_STYLE = Automatic;
				CURRENT_PROJECT_VERSION = 1;
				GENERATE_INFOPLIST_FILE = YES;
				MARKETING_VERSION = 1.0;
				PRODUCT_BUNDLE_IDENTIFIER = some.DemoAppJiviUITests;
				PRODUCT_NAME = "$(TARGET_NAME)";
				SWIFT_EMIT_LOC_STRINGS = NO;
				SWIFT_VERSION = 5.0;
				TARGETED_DEVICE_FAMILY = "1,2";
				TEST_TARGET_NAME = DemoAppJivi;
			};
			name = Release;
		};
/* End XCBuildConfiguration section */

/* Begin XCConfigurationList section */
		E42880822D1B1018008BA193 /* Build configuration list for PBXProject "DemoAppJivi" */ = {
			isa = XCConfigurationList;
			buildConfigurations = (
				E42880A92D1B101B008BA193 /* Debug */,
				E42880AA2D1B101B008BA193 /* Release */,
			);
			defaultConfigurationIsVisible = 0;
			defaultConfigurationName = Release;
		};
		E42880AB2D1B101B008BA193 /* Build configuration list for PBXNativeTarget "DemoAppJivi" */ = {
			isa = XCConfigurationList;
			buildConfigurations = (
				E42880AC2D1B101B008BA193 /* Debug */,
				E42880AD2D1B101B008BA193 /* Release */,
			);
			defaultConfigurationIsVisible = 0;
			defaultConfigurationName = Release;
		};
		E42880AE2D1B101B008BA193 /* Build configuration list for PBXNativeTarget "DemoAppJiviTests" */ = {
			isa = XCConfigurationList;
			buildConfigurations = (
				E42880AF2D1B101B008BA193 /* Debug */,
				E42880B02D1B101B008BA193 /* Release */,
			);
			defaultConfigurationIsVisible = 0;
			defaultConfigurationName = Release;
		};
		E42880B12D1B101B008BA193 /* Build configuration list for PBXNativeTarget "DemoAppJiviUITests" */ = {
			isa = XCConfigurationList;
			buildConfigurations = (
				E42880B22D1B101B008BA193 /* Debug */,
				E42880B32D1B101B008BA193 /* Release */,
			);
			defaultConfigurationIsVisible = 0;
			defaultConfigurationName = Release;
		};
/* End XCConfigurationList section */
	};
	rootObject = E428807F2D1B1018008BA193 /* Project object */;
}
